
Microsoft Visual Studio Solution File, Format Version 12.00
# Visual Studio Version 17
VisualStudioVersion = 17.5.33627.172
MinimumVisualStudioVersion = 10.0.40219.1
Project("{9A19103F-16F7-4668-BE54-9A1E7A4F7556}") = "GodotCore", "GodotCore.csproj", "{0CB27518-AD75-481A-BFB7-58D222C687A4}"
EndProject
Project("{FAE04EC0-301F-11D3-BF4B-00C04F79EFBC}") = "CoreBase", "..\CoreBase\CoreBase.csproj", "{BDAE343B-5AEE-4847-8D5E-4491066E3A70}"
EndProject
Project("{FAE04EC0-301F-11D3-BF4B-00C04F79EFBC}") = "ConsoleAppForTestingInGodot", "..\ConsoleAppForTestingInGodot\ConsoleAppForTestingInGodot.csproj", "{0934B227-B9D3-4369-A2B1-E63F289ED07E}"
EndProject
Global
	GlobalSection(SolutionConfigurationPlatforms) = preSolution
		Debug|Any CPU = Debug|Any CPU
		ExportDebug|Any CPU = ExportDebug|Any CPU
		ExportRelease|Any CPU = ExportRelease|Any CPU
		Release|Any CPU = Release|Any CPU
	EndGlobalSection
	GlobalSection(ProjectConfigurationPlatforms) = postSolution
		{0CB27518-AD75-481A-BFB7-58D222C687A4}.Debug|Any CPU.ActiveCfg = Debug|Any CPU
		{0CB27518-AD75-481A-BFB7-58D222C687A4}.Debug|Any CPU.Build.0 = Debug|Any CPU
		{0CB27518-AD75-481A-BFB7-58D222C687A4}.ExportDebug|Any CPU.ActiveCfg = ExportDebug|Any CPU
		{0CB27518-AD75-481A-BFB7-58D222C687A4}.ExportDebug|Any CPU.Build.0 = ExportDebug|Any CPU
		{0CB27518-AD75-481A-BFB7-58D222C687A4}.ExportRelease|Any CPU.ActiveCfg = ExportRelease|Any CPU
		{0CB27518-AD75-481A-BFB7-58D222C687A4}.ExportRelease|Any CPU.Build.0 = ExportRelease|Any CPU
		{0CB27518-AD75-481A-BFB7-58D222C687A4}.Release|Any CPU.ActiveCfg = ExportRelease|Any CPU
		{0CB27518-AD75-481A-BFB7-58D222C687A4}.Release|Any CPU.Build.0 = ExportRelease|Any CPU
		{BDAE343B-5AEE-4847-8D5E-4491066E3A70}.Debug|Any CPU.ActiveCfg = Debug|Any CPU
		{BDAE343B-5AEE-4847-8D5E-4491066E3A70}.Debug|Any CPU.Build.0 = Debug|Any CPU
		{BDAE343B-5AEE-4847-8D5E-4491066E3A70}.ExportDebug|Any CPU.ActiveCfg = Debug|Any CPU
		{BDAE343B-5AEE-4847-8D5E-4491066E3A70}.ExportDebug|Any CPU.Build.0 = Debug|Any CPU
		{BDAE343B-5AEE-4847-8D5E-4491066E3A70}.ExportRelease|Any CPU.ActiveCfg = Release|Any CPU
		{BDAE343B-5AEE-4847-8D5E-4491066E3A70}.ExportRelease|Any CPU.Build.0 = Release|Any CPU
		{BDAE343B-5AEE-4847-8D5E-4491066E3A70}.Release|Any CPU.ActiveCfg = Release|Any CPU
		{BDAE343B-5AEE-4847-8D5E-4491066E3A70}.Release|Any CPU.Build.0 = Release|Any CPU
		{0934B227-B9D3-4369-A2B1-E63F289ED07E}.Debug|Any CPU.ActiveCfg = Debug|Any CPU
		{0934B227-B9D3-4369-A2B1-E63F289ED07E}.Debug|Any CPU.Build.0 = Debug|Any CPU
		{0934B227-B9D3-4369-A2B1-E63F289ED07E}.ExportDebug|Any CPU.ActiveCfg = Debug|Any CPU
		{0934B227-B9D3-4369-A2B1-E63F289ED07E}.ExportDebug|Any CPU.Build.0 = Debug|Any CPU
		{0934B227-B9D3-4369-A2B1-E63F289ED07E}.ExportRelease|Any CPU.ActiveCfg = Release|Any CPU
		{0934B227-B9D3-4369-A2B1-E63F289ED07E}.ExportRelease|Any CPU.Build.0 = Release|Any CPU
		{0934B227-B9D3-4369-A2B1-E63F289ED07E}.Release|Any CPU.ActiveCfg = Release|Any CPU
		{0934B227-B9D3-4369-A2B1-E63F289ED07E}.Release|Any CPU.Build.0 = Release|Any CPU
	EndGlobalSection
	GlobalSection(SolutionProperties) = preSolution
		HideSolutionNode = FALSE
	EndGlobalSection
	GlobalSection(ExtensibilityGlobals) = postSolution
		SolutionGuid = {D57E21A0-33F7-402B-8E18-2941AEF9886C}
	EndGlobalSection
EndGlobal
